
Microsoft Visual Studio Solution File, Format Version 12.00
# Visual Studio 14
VisualStudioVersion = 14.0.25420.1
MinimumVisualStudioVersion = 10.0.40219.1
Project("{FAE04EC0-301F-11D3-BF4B-00C04F79EFBC}") = "AutomationExam_JSalinas", "AutomationExam_JSalinas\AutomationExam_JSalinas.csproj", "{8CB4AB74-619D-49E5-A500-B42DD2548BBB}"
EndProject
Project("{FAE04EC0-301F-11D3-BF4B-00C04F79EFBC}") = "AutomationExam_JSalinasTests", "AutomationExam_JSalinasTests\AutomationExam_JSalinasTests.csproj", "{11D4A634-FECC-4C80-8B45-516BD191DFC8}"
EndProject
Project("{FAE04EC0-301F-11D3-BF4B-00C04F79EFBC}") = "AutomationExam_JSalinas.Tests", "AutomationExam_JSalinas.Tests\AutomationExam_JSalinas.Tests.csproj", "{B3F57985-CFE7-4C43-AA11-2376C0E6C207}"
EndProject
Global
	GlobalSection(SolutionConfigurationPlatforms) = preSolution
		Debug|Any CPU = Debug|Any CPU
		Release|Any CPU = Release|Any CPU
	EndGlobalSection
	GlobalSection(ProjectConfigurationPlatforms) = postSolution
		{8CB4AB74-619D-49E5-A500-B42DD2548BBB}.Debug|Any CPU.ActiveCfg = Debug|Any CPU
		{8CB4AB74-619D-49E5-A500-B42DD2548BBB}.Debug|Any CPU.Build.0 = Debug|Any CPU
		{8CB4AB74-619D-49E5-A500-B42DD2548BBB}.Release|Any CPU.ActiveCfg = Release|Any CPU
		{8CB4AB74-619D-49E5-A500-B42DD2548BBB}.Release|Any CPU.Build.0 = Release|Any CPU
		{11D4A634-FECC-4C80-8B45-516BD191DFC8}.Debug|Any CPU.ActiveCfg = Debug|Any CPU
		{11D4A634-FECC-4C80-8B45-516BD191DFC8}.Debug|Any CPU.Build.0 = Debug|Any CPU
		{11D4A634-FECC-4C80-8B45-516BD191DFC8}.Release|Any CPU.ActiveCfg = Release|Any CPU
		{11D4A634-FECC-4C80-8B45-516BD191DFC8}.Release|Any CPU.Build.0 = Release|Any CPU
		{B3F57985-CFE7-4C43-AA11-2376C0E6C207}.Debug|Any CPU.ActiveCfg = Debug|Any CPU
		{B3F57985-CFE7-4C43-AA11-2376C0E6C207}.Debug|Any CPU.Build.0 = Debug|Any CPU
		{B3F57985-CFE7-4C43-AA11-2376C0E6C207}.Release|Any CPU.ActiveCfg = Release|Any CPU
		{B3F57985-CFE7-4C43-AA11-2376C0E6C207}.Release|Any CPU.Build.0 = Release|Any CPU
	EndGlobalSection
	GlobalSection(SolutionProperties) = preSolution
		HideSolutionNode = FALSE
	EndGlobalSection
EndGlobal
